
Microsoft Visual Studio Solution File, Format Version 12.00
# Visual Studio Version 16
VisualStudioVersion = 16.0.30225.117
MinimumVisualStudioVersion = 10.0.40219.1
Project("{FAE04EC0-301F-11D3-BF4B-00C04F79EFBC}") = "Winzard System Repair", "Winzard System Repair\Winzard System Repair.csproj", "{47A8EF7B-AB95-40E1-ADBE-655D4E1DC125}"
EndProject
Global
	GlobalSection(SolutionConfigurationPlatforms) = preSolution
		Debug|Any CPU = Debug|Any CPU
		Release|Any CPU = Release|Any CPU
	EndGlobalSection
	GlobalSection(ProjectConfigurationPlatforms) = postSolution
		{47A8EF7B-AB95-40E1-ADBE-655D4E1DC125}.Debug|Any CPU.ActiveCfg = Debug|Any CPU
		{47A8EF7B-AB95-40E1-ADBE-655D4E1DC125}.Debug|Any CPU.Build.0 = Debug|Any CPU
		{47A8EF7B-AB95-40E1-ADBE-655D4E1DC125}.Release|Any CPU.ActiveCfg = Release|Any CPU
		{47A8EF7B-AB95-40E1-ADBE-655D4E1DC125}.Release|Any CPU.Build.0 = Release|Any CPU
	EndGlobalSection
	GlobalSection(SolutionProperties) = preSolution
		HideSolutionNode = FALSE
	EndGlobalSection
	GlobalSection(ExtensibilityGlobals) = postSolution
		SolutionGuid = {011A9CFF-0AA9-4608-84D0-6B5C94911E69}
	EndGlobalSection
EndGlobal
